
Microsoft Visual Studio Solution File, Format Version 12.00
# Visual Studio 15
VisualStudioVersion = 15.0.27130.2036
MinimumVisualStudioVersion = 10.0.40219.1
Project("{9A19103F-16F7-4668-BE54-9A1E7A4F7556}") = "ObjectPort", "ObjectPort\ObjectPort.csproj", "{74980329-99B0-4CEE-A01A-95214347A10B}"
EndProject
Project("{9A19103F-16F7-4668-BE54-9A1E7A4F7556}") = "ObjectPort.Tests", "ObjectPort.Tests\ObjectPort.Tests.csproj", "{6F8F5782-B89F-4157-BCFE-78D6A12F803C}"
EndProject
Project("{9A19103F-16F7-4668-BE54-9A1E7A4F7556}") = "ObjectPort.Benchmarks", "ObjectPort.Benchmarks\ObjectPort.Benchmarks.csproj", "{DE7DDC6C-3DB3-4553-9584-B70906A0663F}"
EndProject
Global
	GlobalSection(SolutionConfigurationPlatforms) = preSolution
		Debug|Any CPU = Debug|Any CPU
		Debug|x64 = Debug|x64
		Release|Any CPU = Release|Any CPU
		Release|x64 = Release|x64
	EndGlobalSection
	GlobalSection(ProjectConfigurationPlatforms) = postSolution
		{74980329-99B0-4CEE-A01A-95214347A10B}.Debug|Any CPU.ActiveCfg = Debug|Any CPU
		{74980329-99B0-4CEE-A01A-95214347A10B}.Debug|Any CPU.Build.0 = Debug|Any CPU
		{74980329-99B0-4CEE-A01A-95214347A10B}.Debug|x64.ActiveCfg = Debug|Any CPU
		{74980329-99B0-4CEE-A01A-95214347A10B}.Debug|x64.Build.0 = Debug|Any CPU
		{74980329-99B0-4CEE-A01A-95214347A10B}.Release|Any CPU.ActiveCfg = Release|Any CPU
		{74980329-99B0-4CEE-A01A-95214347A10B}.Release|Any CPU.Build.0 = Release|Any CPU
		{74980329-99B0-4CEE-A01A-95214347A10B}.Release|x64.ActiveCfg = Release|Any CPU
		{74980329-99B0-4CEE-A01A-95214347A10B}.Release|x64.Build.0 = Release|Any CPU
		{6F8F5782-B89F-4157-BCFE-78D6A12F803C}.Debug|Any CPU.ActiveCfg = Debug|Any CPU
		{6F8F5782-B89F-4157-BCFE-78D6A12F803C}.Debug|Any CPU.Build.0 = Debug|Any CPU
		{6F8F5782-B89F-4157-BCFE-78D6A12F803C}.Debug|x64.ActiveCfg = Debug|Any CPU
		{6F8F5782-B89F-4157-BCFE-78D6A12F803C}.Debug|x64.Build.0 = Debug|Any CPU
		{6F8F5782-B89F-4157-BCFE-78D6A12F803C}.Release|Any CPU.ActiveCfg = Release|Any CPU
		{6F8F5782-B89F-4157-BCFE-78D6A12F803C}.Release|Any CPU.Build.0 = Release|Any CPU
		{6F8F5782-B89F-4157-BCFE-78D6A12F803C}.Release|x64.ActiveCfg = Release|Any CPU
		{6F8F5782-B89F-4157-BCFE-78D6A12F803C}.Release|x64.Build.0 = Release|Any CPU
		{DE7DDC6C-3DB3-4553-9584-B70906A0663F}.Debug|Any CPU.ActiveCfg = Debug|Any CPU
		{DE7DDC6C-3DB3-4553-9584-B70906A0663F}.Debug|Any CPU.Build.0 = Debug|Any CPU
		{DE7DDC6C-3DB3-4553-9584-B70906A0663F}.Debug|x64.ActiveCfg = Debug|Any CPU
		{DE7DDC6C-3DB3-4553-9584-B70906A0663F}.Debug|x64.Build.0 = Debug|Any CPU
		{DE7DDC6C-3DB3-4553-9584-B70906A0663F}.Release|Any CPU.ActiveCfg = Release|Any CPU
		{DE7DDC6C-3DB3-4553-9584-B70906A0663F}.Release|Any CPU.Build.0 = Release|Any CPU
		{DE7DDC6C-3DB3-4553-9584-B70906A0663F}.Release|x64.ActiveCfg = Release|Any CPU
		{DE7DDC6C-3DB3-4553-9584-B70906A0663F}.Release|x64.Build.0 = Release|Any CPU
	EndGlobalSection
	GlobalSection(SolutionProperties) = preSolution
		HideSolutionNode = FALSE
	EndGlobalSection
	GlobalSection(ExtensibilityGlobals) = postSolution
		SolutionGuid = {689E8527-19AC-41C8-8502-26EF8314162C}
	EndGlobalSection
EndGlobal
